
Microsoft Visual Studio Solution File, Format Version 12.00
# Visual Studio 2013
VisualStudioVersion = 12.0.30501.0
MinimumVisualStudioVersion = 10.0.40219.1
Project("{1B19158F-E398-40A6-8E3B-350508E125F1}") = "VelocityMeetings", "VelocityMeetings\VelocityMeetings.dxjsproj", "{B4FF9756-D377-41F2-B9F3-AF7E95B3E65E}"
EndProject
Global
	GlobalSection(SolutionConfigurationPlatforms) = preSolution
		Debug|Any CPU = Debug|Any CPU
		Release|Any CPU = Release|Any CPU
	EndGlobalSection
	GlobalSection(ProjectConfigurationPlatforms) = postSolution
		{B4FF9756-D377-41F2-B9F3-AF7E95B3E65E}.Debug|Any CPU.ActiveCfg = Debug|Any CPU
		{B4FF9756-D377-41F2-B9F3-AF7E95B3E65E}.Debug|Any CPU.Build.0 = Debug|Any CPU
		{B4FF9756-D377-41F2-B9F3-AF7E95B3E65E}.Release|Any CPU.ActiveCfg = Release|Any CPU
		{B4FF9756-D377-41F2-B9F3-AF7E95B3E65E}.Release|Any CPU.Build.0 = Release|Any CPU
	EndGlobalSection
	GlobalSection(SolutionProperties) = preSolution
		HideSolutionNode = FALSE
	EndGlobalSection
EndGlobal
